<?xml version="1.0" encoding="utf-8"?>
<Project ToolsVersion="4.0" xmlns="http://schemas.microsoft.com/developer/msbuild/2003">
  <ItemGroup>
    <Filter Include="source">
      <UniqueIdentifier>{a3b019b3-a320-4fa0-a35e-65990b49342d}</UniqueIdentifier>
    </Filter>
    <Filter Include="include">
      <UniqueIdentifier>{fb6c61cf-e1b5-4fad-a480-7ba2c3ea2df2}</UniqueIdentifier>
    </Filter>
  </ItemGroup>
  <ItemGroup>
    <ClCompile Include="main.cpp">
      <Filter>source</Filter>
    </ClCompile>
    <ClCompile Include="command_line_parameters.cpp">
      <Filter>source</Filter>
    </ClCompile>
    <ClCompile Include="io_wrappers.cpp">
      <Filter>source</Filter>
    </ClCompile>
  </ItemGroup>
  <ItemGroup>
    <ClInclude Include="command_line_parameters.h">
      <Filter>include</Filter>
    </ClInclude>
    <ClInclude Include="io_wrappers.h">
      <Filter>include</Filter>
    </ClInclude>
  </ItemGroup>
</Project>